{
  "name": "@artichokeruby/artichoke",
  "version": "0.1.0-pre.0",
  "lockfileVersion": 3,
  "requires": true,
  "packages": {
    "": {
      "name": "@artichokeruby/artichoke",
      "version": "0.1.0-pre.0",
      "devDependencies": {
        "@artichokeruby/clang-format": "github:artichoke/clang-format#v0.15.0",
        "prettier": "^3.1.1"
      }
    },
    "node_modules/@artichokeruby/clang-format": {
      "version": "0.15.0",
      "resolved": "git+ssh://git@github.com/artichoke/clang-format.git#53775cfe30720f48b12eb8df55baa0108805f1df",
      "dev": true,
      "license": "MIT",
      "dependencies": {
        "commander": "^11.1.0"
      },
      "bin": {
        "clang-format": "bin/clang-format.js"
      }
    },
    "node_modules/commander": {
      "version": "11.1.0",
      "resolved": "https://registry.npmjs.org/commander/-/commander-11.1.0.tgz",
      "integrity": "sha512-yPVavfyCcRhmorC7rWlkHn15b4wDVgVmBA7kV4QVBsF7kv/9TKJAbAXVTxvTnwP8HHKjRCJDClKbciiYS7p0DQ==",
      "dev": true,
      "engines": {
        "node": ">=16"
      }
    },
    "node_modules/prettier": {
      "version": "3.1.1",
      "resolved": "https://registry.npmjs.org/prettier/-/prettier-3.1.1.tgz",
      "integrity": "sha512-22UbSzg8luF4UuZtzgiUOfcGM8s4tjBv6dJRT7j275NXsy2jb4aJa4NNveul5x4eqlF1wuhuR2RElK71RvmVaw==",
      "dev": true,
      "bin": {
        "prettier": "bin/prettier.cjs"
      },
      "engines": {
        "node": ">=14"
      },
      "funding": {
        "url": "https://github.com/prettier/prettier?sponsor=1"
      }
    }
  }
}
