# This file is automatically @generated by Cargo.
# It is not intended for manual editing.
version = 3

[[package]]
name = "aho-corasick"
version = "0.7.18"
source = "registry+https://github.com/rust-lang/crates.io-index"
checksum = "1e37cfd5e7657ada45f742d6e99ca5788580b5c529dc78faf11ece6dc702656f"
dependencies = [
 "memchr",
]

[[package]]
name = "arbitrary"
version = "1.1.4"
source = "registry+https://github.com/rust-lang/crates.io-index"
checksum = "8931eb436ab9bf1980c6cb2b9d1ba5390cd6793b2c6e2d2ea8147da3570c2a2e"

[[package]]
name = "artichoke"
version = "0.1.0-pre.0"
dependencies = [
 "artichoke-backend",
 "scolapasta-path",
 "scolapasta-string-escape",
 "tz-rs",
]

[[package]]
name = "artichoke-backend"
version = "0.19.0"
dependencies = [
 "artichoke-core",
 "artichoke-load-path",
 "bstr",
 "cc",
 "intaglio",
 "once_cell",
 "onig",
 "qed",
 "regex",
 "scolapasta-aref",
 "scolapasta-int-parse",
 "scolapasta-path",
 "scolapasta-string-escape",
 "spinoso-array",
 "spinoso-env",
 "spinoso-exception",
 "spinoso-math",
 "spinoso-random",
 "spinoso-regexp",
 "spinoso-securerandom",
 "spinoso-string",
 "spinoso-symbol",
 "spinoso-time",
 "strftime-ruby",
]

[[package]]
name = "artichoke-core"
version = "0.12.0"

[[package]]
name = "artichoke-fuzz"
version = "0.0.0"
dependencies = [
 "artichoke",
 "libfuzzer-sys",
 "scolapasta-int-parse",
]

[[package]]
name = "artichoke-load-path"
version = "0.1.0"
dependencies = [
 "same-file",
]

[[package]]
name = "base64"
version = "0.13.0"
source = "registry+https://github.com/rust-lang/crates.io-index"
checksum = "904dfeac50f3cdaba28fc6f57fdcddb75f49ed61346676a78c4ffe55877802fd"

[[package]]
name = "bitflags"
version = "1.3.2"
source = "registry+https://github.com/rust-lang/crates.io-index"
checksum = "bef38d45163c2f1dde094a7dfd33ccf595c92905c8f8f4fdc18d06fb1037718a"

[[package]]
name = "bstr"
version = "1.0.0"
source = "registry+https://github.com/rust-lang/crates.io-index"
checksum = "11aee792a41973cf54c837d6f344e35a03076328831b01ef30a14d965d47bfbc"
dependencies = [
 "memchr",
 "serde",
]

[[package]]
name = "bytecount"
version = "0.6.3"
source = "registry+https://github.com/rust-lang/crates.io-index"
checksum = "2c676a478f63e9fa2dd5368a42f28bba0d6c560b775f38583c8bbaa7fcd67c9c"

[[package]]
name = "cc"
version = "1.0.73"
source = "registry+https://github.com/rust-lang/crates.io-index"
checksum = "2fff2a6927b3bb87f9595d67196a70493f627687a71d87a0d692242c33f58c11"
dependencies = [
 "jobserver",
]

[[package]]
name = "cfg-if"
version = "1.0.0"
source = "registry+https://github.com/rust-lang/crates.io-index"
checksum = "baf1de4339761588bc0619e3cbc0120ee582ebb74b53b4efbf79117bd2da40fd"

[[package]]
name = "const_fn"
version = "0.4.9"
source = "registry+https://github.com/rust-lang/crates.io-index"
checksum = "fbdcdcb6d86f71c5e97409ad45898af11cbc995b4ee8112d59095a28d376c935"

[[package]]
name = "focaccia"
version = "1.2.0"
source = "registry+https://github.com/rust-lang/crates.io-index"
checksum = "0bf0a769c74a0ab16fad2ad5ef4b4432d2ba3d079e607c55083e66d3f9d1bb8f"

[[package]]
name = "getrandom"
version = "0.2.7"
source = "registry+https://github.com/rust-lang/crates.io-index"
checksum = "4eb1a864a501629691edf6c15a593b7a51eebaa1e8468e9ddc623de7c9b58ec6"
dependencies = [
 "cfg-if",
 "libc",
 "wasi",
]

[[package]]
name = "intaglio"
version = "1.7.0"
source = "registry+https://github.com/rust-lang/crates.io-index"
checksum = "1665db2526543d5fca893c1004e6a908953fb6c64c44b03b2f41267f89e5f881"

[[package]]
name = "jobserver"
version = "0.1.24"
source = "registry+https://github.com/rust-lang/crates.io-index"
checksum = "af25a77299a7f711a01975c35a6a424eb6862092cc2d6c72c4ed6cbc56dfc1fa"
dependencies = [
 "libc",
]

[[package]]
name = "libc"
version = "0.2.132"
source = "registry+https://github.com/rust-lang/crates.io-index"
checksum = "8371e4e5341c3a96db127eb2465ac681ced4c433e01dd0e938adbef26ba93ba5"

[[package]]
name = "libfuzzer-sys"
version = "0.4.4"
source = "registry+https://github.com/rust-lang/crates.io-index"
checksum = "ae185684fe19814afd066da15a7cc41e126886c21282934225d9fc847582da58"
dependencies = [
 "arbitrary",
 "cc",
 "once_cell",
]

[[package]]
name = "libm"
version = "0.2.5"
source = "registry+https://github.com/rust-lang/crates.io-index"
checksum = "292a948cd991e376cf75541fe5b97a1081d713c618b4f1b9500f8844e49eb565"

[[package]]
name = "memchr"
version = "2.5.0"
source = "registry+https://github.com/rust-lang/crates.io-index"
checksum = "2dffe52ecf27772e601905b7522cb4ef790d2cc203488bbd0e2fe85fcb74566d"

[[package]]
name = "once_cell"
version = "1.13.1"
source = "registry+https://github.com/rust-lang/crates.io-index"
checksum = "074864da206b4973b84eb91683020dbefd6a8c3f0f38e054d93954e891935e4e"

[[package]]
name = "onig"
version = "6.4.0"
source = "registry+https://github.com/rust-lang/crates.io-index"
checksum = "8c4b31c8722ad9171c6d77d3557db078cab2bd50afcc9d09c8b315c59df8ca4f"
dependencies = [
 "bitflags",
 "libc",
 "once_cell",
 "onig_sys",
]

[[package]]
name = "onig_sys"
version = "69.8.1"
source = "registry+https://github.com/rust-lang/crates.io-index"
checksum = "7b829e3d7e9cc74c7e315ee8edb185bf4190da5acde74afd7fc59c35b1f086e7"
dependencies = [
 "cc",
 "pkg-config",
]

[[package]]
name = "pkg-config"
version = "0.3.25"
source = "registry+https://github.com/rust-lang/crates.io-index"
checksum = "1df8c4ec4b0627e53bdf214615ad287367e482558cf84b109250b37464dc03ae"

[[package]]
name = "posix-space"
version = "1.0.2"
source = "registry+https://github.com/rust-lang/crates.io-index"
checksum = "774dd2ef2e014ad005e8a6833f5b5d26c89e9801c20637f69f3af489f7b03bff"

[[package]]
name = "qed"
version = "1.4.0"
source = "registry+https://github.com/rust-lang/crates.io-index"
checksum = "90d0abf294960e1e7e22949cddc9cc2c96a05dc52f5567fd65c2bbd4899ff47e"

[[package]]
name = "rand"
version = "0.8.5"
source = "registry+https://github.com/rust-lang/crates.io-index"
checksum = "34af8d1a0e25924bc5b7c43c079c942339d8f0a8b57c39049bef581b46327404"
dependencies = [
 "rand_core",
]

[[package]]
name = "rand_core"
version = "0.6.3"
source = "registry+https://github.com/rust-lang/crates.io-index"
checksum = "d34f1408f55294453790c48b2f1ebbb1c5b4b7563eb1f418bcfcfdbb06ebb4e7"
dependencies = [
 "getrandom",
]

[[package]]
name = "rand_mt"
version = "4.2.0"
source = "registry+https://github.com/rust-lang/crates.io-index"
checksum = "6cf6dbbecdfb1522a112f5ecb746c3093e2743819f79d454502d142dd53c48e0"

[[package]]
name = "raw-parts"
version = "1.1.2"
source = "registry+https://github.com/rust-lang/crates.io-index"
checksum = "b1e22ce49f28be0887a992cf42172c8c75facdb74e3e1a7eb0f459cf2fcc95d7"

[[package]]
name = "regex"
version = "1.6.0"
source = "registry+https://github.com/rust-lang/crates.io-index"
checksum = "4c4eb3267174b8c6c2f654116623910a0fef09c4753f8dd83db29c48a0df988b"
dependencies = [
 "aho-corasick",
 "memchr",
 "regex-syntax",
]

[[package]]
name = "regex-syntax"
version = "0.6.27"
source = "registry+https://github.com/rust-lang/crates.io-index"
checksum = "a3f87b73ce11b1619a3c6332f45341e0047173771e8b8b73f87bfeefb7b56244"

[[package]]
name = "same-file"
version = "1.0.6"
source = "registry+https://github.com/rust-lang/crates.io-index"
checksum = "93fc1dc3aaa9bfed95e02e6eadabb4baf7e3078b0bd1b4d7b6b0b68378900502"
dependencies = [
 "winapi-util",
]

[[package]]
name = "scolapasta-aref"
version = "0.1.0"

[[package]]
name = "scolapasta-hex"
version = "0.2.0"

[[package]]
name = "scolapasta-int-parse"
version = "0.2.2"
dependencies = [
 "posix-space",
 "scolapasta-string-escape",
]

[[package]]
name = "scolapasta-path"
version = "0.4.0"

[[package]]
name = "scolapasta-string-escape"
version = "0.3.0"
dependencies = [
 "bstr",
]

[[package]]
name = "serde"
version = "1.0.144"
source = "registry+https://github.com/rust-lang/crates.io-index"
checksum = "0f747710de3dcd43b88c9168773254e809d8ddbdf9653b84e2554ab219f17860"

[[package]]
name = "simdutf8"
version = "0.1.4"
source = "registry+https://github.com/rust-lang/crates.io-index"
checksum = "f27f6278552951f1f2b8cf9da965d10969b2efdea95a6ec47987ab46edfe263a"

[[package]]
name = "spinoso-array"
version = "0.9.0"
dependencies = [
 "raw-parts",
]

[[package]]
name = "spinoso-env"
version = "0.2.0"
dependencies = [
 "bstr",
 "scolapasta-path",
 "scolapasta-string-escape",
]

[[package]]
name = "spinoso-exception"
version = "0.1.0"
dependencies = [
 "scolapasta-string-escape",
]

[[package]]
name = "spinoso-math"
version = "0.3.0"
dependencies = [
 "libm",
]

[[package]]
name = "spinoso-random"
version = "0.3.0"
dependencies = [
 "getrandom",
 "libm",
 "rand",
 "rand_core",
 "rand_mt",
]

[[package]]
name = "spinoso-regexp"
version = "0.4.0"
dependencies = [
 "bitflags",
 "bstr",
 "onig",
 "posix-space",
 "regex",
 "scolapasta-aref",
 "scolapasta-string-escape",
]

[[package]]
name = "spinoso-securerandom"
version = "0.2.0"
dependencies = [
 "base64",
 "rand",
 "scolapasta-hex",
]

[[package]]
name = "spinoso-string"
version = "0.20.0"
dependencies = [
 "bstr",
 "bytecount",
 "focaccia",
 "raw-parts",
 "scolapasta-string-escape",
 "simdutf8",
]

[[package]]
name = "spinoso-symbol"
version = "0.3.0"
dependencies = [
 "artichoke-core",
 "bstr",
 "focaccia",
 "qed",
 "scolapasta-string-escape",
]

[[package]]
name = "spinoso-time"
version = "0.7.0"
dependencies = [
 "once_cell",
 "regex",
 "strftime-ruby",
 "tz-rs",
 "tzdb",
]

[[package]]
name = "strftime-ruby"
version = "1.0.0"
source = "registry+https://github.com/rust-lang/crates.io-index"
checksum = "6b02d24309580475dca1e01d10378f9a0d979aa95ee6c00bdbbf883f5315c905"

[[package]]
name = "tz-rs"
version = "0.6.14"
source = "registry+https://github.com/rust-lang/crates.io-index"
checksum = "33851b15c848fad2cf4b105c6bb66eb9512b6f6c44a4b13f57c53c73c707e2b4"
dependencies = [
 "const_fn",
]

[[package]]
name = "tzdb"
version = "0.4.5"
source = "registry+https://github.com/rust-lang/crates.io-index"
checksum = "bf071cda04caa098949c710aa4af35b2f4490bac88f6c678156fed2d0c2d1ea7"
dependencies = [
 "tz-rs",
]

[[package]]
name = "wasi"
version = "0.11.0+wasi-snapshot-preview1"
source = "registry+https://github.com/rust-lang/crates.io-index"
checksum = "9c8d87e72b64a3b4db28d11ce29237c246188f4f51057d65a7eab63b7987e423"

[[package]]
name = "winapi"
version = "0.3.9"
source = "registry+https://github.com/rust-lang/crates.io-index"
checksum = "5c839a674fcd7a98952e593242ea400abe93992746761e38641405d28b00f419"
dependencies = [
 "winapi-i686-pc-windows-gnu",
 "winapi-x86_64-pc-windows-gnu",
]

[[package]]
name = "winapi-i686-pc-windows-gnu"
version = "0.4.0"
source = "registry+https://github.com/rust-lang/crates.io-index"
checksum = "ac3b87c63620426dd9b991e5ce0329eff545bccbbb34f3be09ff6fb6ab51b7b6"

[[package]]
name = "winapi-util"
version = "0.1.5"
source = "registry+https://github.com/rust-lang/crates.io-index"
checksum = "70ec6ce85bb158151cae5e5c87f95a8e97d2c0c4b001223f33a334e3ce5de178"
dependencies = [
 "winapi",
]

[[package]]
name = "winapi-x86_64-pc-windows-gnu"
version = "0.4.0"
source = "registry+https://github.com/rust-lang/crates.io-index"
checksum = "712e227841d057c1ee1cd2fb22fa7e5a5461ae8e48fa2ca79ec42cfc1931183f"
