# This file is automatically @generated by Cargo.
# It is not intended for manual editing.
version = 3

[[package]]
name = "addr2line"
version = "0.19.0"
source = "registry+https://github.com/rust-lang/crates.io-index"
checksum = "a76fd60b23679b7d19bd066031410fb7e458ccc5e958eb5c325888ce4baedc97"
dependencies = [
 "gimli",
]

[[package]]
name = "adler"
version = "1.0.2"
source = "registry+https://github.com/rust-lang/crates.io-index"
checksum = "f26201604c87b1e01bd3d98f8d5d9a8fcbb815e8cedb41ffccbeb4bf593a35fe"

[[package]]
name = "aho-corasick"
version = "1.0.1"
source = "registry+https://github.com/rust-lang/crates.io-index"
checksum = "67fc08ce920c31afb70f013dcce1bfc3a3195de6a228474e45e1f145b36f8d04"
dependencies = [
 "memchr",
]

[[package]]
name = "android_system_properties"
version = "0.1.5"
source = "registry+https://github.com/rust-lang/crates.io-index"
checksum = "819e7219dbd41043ac279b19830f2efc897156490d7fd6ea916720117ee66311"
dependencies = [
 "libc",
]

[[package]]
name = "anstyle"
version = "1.0.0"
source = "registry+https://github.com/rust-lang/crates.io-index"
checksum = "41ed9a86bf92ae6580e0a31281f65a1b1d867c0cc68d5346e2ae128dddfa6a7d"

[[package]]
name = "artichoke"
version = "0.1.0-pre.0"
dependencies = [
 "artichoke-backend",
 "termcolor",
 "tz-rs",
]

[[package]]
name = "artichoke-backend"
version = "0.23.0"
dependencies = [
 "artichoke-core",
 "artichoke-load-path",
 "bindgen",
 "bstr",
 "cc",
 "intaglio",
 "mezzaluna-type-registry",
 "once_cell",
 "onig",
 "posix-space",
 "qed",
 "regex",
 "scolapasta-aref",
 "scolapasta-int-parse",
 "scolapasta-path",
 "scolapasta-string-escape",
 "spinoso-array",
 "spinoso-env",
 "spinoso-exception",
 "spinoso-math",
 "spinoso-random",
 "spinoso-regexp",
 "spinoso-securerandom",
 "spinoso-string",
 "spinoso-symbol",
 "spinoso-time",
]

[[package]]
name = "artichoke-core"
version = "0.13.0"

[[package]]
name = "artichoke-load-path"
version = "0.1.0"
dependencies = [
 "same-file",
]

[[package]]
name = "autocfg"
version = "1.1.0"
source = "registry+https://github.com/rust-lang/crates.io-index"
checksum = "d468802bab17cbc0cc575e9b053f41e72aa36bfa6b7f55e3529ffa43161b97fa"

[[package]]
name = "backtrace"
version = "0.3.67"
source = "registry+https://github.com/rust-lang/crates.io-index"
checksum = "233d376d6d185f2a3093e58f283f60f880315b6c60075b01f36b3b85154564ca"
dependencies = [
 "addr2line",
 "cc",
 "cfg-if",
 "libc",
 "miniz_oxide",
 "object",
 "rustc-demangle",
]

[[package]]
name = "base64"
version = "0.21.0"
source = "registry+https://github.com/rust-lang/crates.io-index"
checksum = "a4a4ddaa51a5bc52a6948f74c06d20aaaddb71924eab79b8c97a8c556e942d6a"

[[package]]
name = "basic-toml"
version = "0.1.2"
source = "registry+https://github.com/rust-lang/crates.io-index"
checksum = "5c0de75129aa8d0cceaf750b89013f0e08804d6ec61416da787b35ad0d7cddf1"
dependencies = [
 "serde",
]

[[package]]
name = "bindgen"
version = "0.65.1"
source = "registry+https://github.com/rust-lang/crates.io-index"
checksum = "cfdf7b466f9a4903edc73f95d6d2bcd5baf8ae620638762244d3f60143643cc5"
dependencies = [
 "bitflags",
 "cexpr",
 "clang-sys",
 "lazy_static",
 "lazycell",
 "peeking_take_while",
 "prettyplease",
 "proc-macro2",
 "quote",
 "regex",
 "rustc-hash",
 "shlex",
 "syn 2.0.15",
]

[[package]]
name = "bitflags"
version = "1.3.2"
source = "registry+https://github.com/rust-lang/crates.io-index"
checksum = "bef38d45163c2f1dde094a7dfd33ccf595c92905c8f8f4fdc18d06fb1037718a"

[[package]]
name = "block-buffer"
version = "0.10.4"
source = "registry+https://github.com/rust-lang/crates.io-index"
checksum = "3078c7629b62d3f0439517fa394996acacc5cbc91c5a20d8c658e77abd503a71"
dependencies = [
 "generic-array",
]

[[package]]
name = "bstr"
version = "1.4.0"
source = "registry+https://github.com/rust-lang/crates.io-index"
checksum = "c3d4260bcc2e8fc9df1eac4919a720effeb63a3f0952f5bf4944adfa18897f09"
dependencies = [
 "memchr",
 "serde",
]

[[package]]
name = "bumpalo"
version = "3.12.2"
source = "registry+https://github.com/rust-lang/crates.io-index"
checksum = "3c6ed94e98ecff0c12dd1b04c15ec0d7d9458ca8fe806cea6f12954efe74c63b"

[[package]]
name = "bytecount"
version = "0.6.3"
source = "registry+https://github.com/rust-lang/crates.io-index"
checksum = "2c676a478f63e9fa2dd5368a42f28bba0d6c560b775f38583c8bbaa7fcd67c9c"

[[package]]
name = "cc"
version = "1.0.79"
source = "registry+https://github.com/rust-lang/crates.io-index"
checksum = "50d30906286121d95be3d479533b458f87493b30a4b5f79a607db8f5d11aa91f"
dependencies = [
 "jobserver",
]

[[package]]
name = "cexpr"
version = "0.6.0"
source = "registry+https://github.com/rust-lang/crates.io-index"
checksum = "6fac387a98bb7c37292057cffc56d62ecb629900026402633ae9160df93a8766"
dependencies = [
 "nom",
]

[[package]]
name = "cfg-if"
version = "1.0.0"
source = "registry+https://github.com/rust-lang/crates.io-index"
checksum = "baf1de4339761588bc0619e3cbc0120ee582ebb74b53b4efbf79117bd2da40fd"

[[package]]
name = "clang-sys"
version = "1.6.1"
source = "registry+https://github.com/rust-lang/crates.io-index"
checksum = "c688fc74432808e3eb684cae8830a86be1d66a2bd58e1f248ed0960a590baf6f"
dependencies = [
 "glob",
 "libc",
 "libloading",
]

[[package]]
name = "clap"
version = "4.3.0"
source = "registry+https://github.com/rust-lang/crates.io-index"
checksum = "93aae7a4192245f70fe75dd9157fc7b4a5bf53e88d30bd4396f7d8f9284d5acc"
dependencies = [
 "clap_builder",
]

[[package]]
name = "clap_builder"
version = "4.3.0"
source = "registry+https://github.com/rust-lang/crates.io-index"
checksum = "4f423e341edefb78c9caba2d9c7f7687d0e72e89df3ce3394554754393ac3990"
dependencies = [
 "anstyle",
 "bitflags",
 "clap_lex",
 "strsim",
]

[[package]]
name = "clap_lex"
version = "0.5.0"
source = "registry+https://github.com/rust-lang/crates.io-index"
checksum = "2da6da31387c7e4ef160ffab6d5e7f00c42626fe39aea70a7b0f1773f7dd6c1b"

[[package]]
name = "const_fn"
version = "0.4.9"
source = "registry+https://github.com/rust-lang/crates.io-index"
checksum = "fbdcdcb6d86f71c5e97409ad45898af11cbc995b4ee8112d59095a28d376c935"

[[package]]
name = "core-foundation-sys"
version = "0.8.4"
source = "registry+https://github.com/rust-lang/crates.io-index"
checksum = "e496a50fda8aacccc86d7529e2c1e0892dbd0f898a6b5645b5561b89c3210efa"

[[package]]
name = "cpufeatures"
version = "0.2.7"
source = "registry+https://github.com/rust-lang/crates.io-index"
checksum = "3e4c1eaa2012c47becbbad2ab175484c2a84d1185b566fb2cc5b8707343dfe58"
dependencies = [
 "libc",
]

[[package]]
name = "crypto-common"
version = "0.1.6"
source = "registry+https://github.com/rust-lang/crates.io-index"
checksum = "1bfb12502f3fc46cca1bb51ac28df9d618d813cdc3d2f25b9fe775a34af26bb3"
dependencies = [
 "generic-array",
 "typenum",
]

[[package]]
name = "dhat"
version = "0.3.2"
source = "registry+https://github.com/rust-lang/crates.io-index"
checksum = "4f2aaf837aaf456f6706cb46386ba8dffd4013a757e36f4ea05c20dd46b209a3"
dependencies = [
 "backtrace",
 "lazy_static",
 "mintex",
 "parking_lot",
 "rustc-hash",
 "serde",
 "serde_json",
 "thousands",
]

[[package]]
name = "digest"
version = "0.10.6"
source = "registry+https://github.com/rust-lang/crates.io-index"
checksum = "8168378f4e5023e7218c89c891c0fd8ecdb5e5e4f18cb78f38cf245dd021e76f"
dependencies = [
 "block-buffer",
 "crypto-common",
]

[[package]]
name = "focaccia"
version = "1.3.1"
source = "registry+https://github.com/rust-lang/crates.io-index"
checksum = "dc925590c53027bd7fe404cdb7b806a021ec4fc7682a470f387f1055d7c74ef9"

[[package]]
name = "generic-array"
version = "0.14.7"
source = "registry+https://github.com/rust-lang/crates.io-index"
checksum = "85649ca51fd72272d7821adaf274ad91c288277713d9c18820d8499a7ff69e9a"
dependencies = [
 "typenum",
 "version_check",
]

[[package]]
name = "getrandom"
version = "0.2.9"
source = "registry+https://github.com/rust-lang/crates.io-index"
checksum = "c85e1d9ab2eadba7e5040d4e09cbd6d072b76a557ad64e797c2cb9d4da21d7e4"
dependencies = [
 "cfg-if",
 "libc",
 "wasi",
]

[[package]]
name = "gimli"
version = "0.27.2"
source = "registry+https://github.com/rust-lang/crates.io-index"
checksum = "ad0a93d233ebf96623465aad4046a8d3aa4da22d4f4beba5388838c8a434bbb4"

[[package]]
name = "glob"
version = "0.3.1"
source = "registry+https://github.com/rust-lang/crates.io-index"
checksum = "d2fabcfbdc87f4758337ca535fb41a6d701b65693ce38287d856d1674551ec9b"

[[package]]
name = "iana-time-zone"
version = "0.1.56"
source = "registry+https://github.com/rust-lang/crates.io-index"
checksum = "0722cd7114b7de04316e7ea5456a0bbb20e4adb46fd27a3697adb812cff0f37c"
dependencies = [
 "android_system_properties",
 "core-foundation-sys",
 "iana-time-zone-haiku",
 "js-sys",
 "wasm-bindgen",
 "windows",
]

[[package]]
name = "iana-time-zone-haiku"
version = "0.1.2"
source = "registry+https://github.com/rust-lang/crates.io-index"
checksum = "f31827a206f56af32e590ba56d5d2d085f558508192593743f16b2306495269f"
dependencies = [
 "cc",
]

[[package]]
name = "intaglio"
version = "1.8.0"
source = "registry+https://github.com/rust-lang/crates.io-index"
checksum = "1b4f756a47a2dac507018af2d4e47988e93829f34a665da3655b23cc1d21ee47"

[[package]]
name = "itoa"
version = "1.0.6"
source = "registry+https://github.com/rust-lang/crates.io-index"
checksum = "453ad9f582a441959e5f0d088b02ce04cfe8d51a8eaf077f12ac6d3e94164ca6"

[[package]]
name = "jobserver"
version = "0.1.26"
source = "registry+https://github.com/rust-lang/crates.io-index"
checksum = "936cfd212a0155903bcbc060e316fb6cc7cbf2e1907329391ebadc1fe0ce77c2"
dependencies = [
 "libc",
]

[[package]]
name = "js-sys"
version = "0.3.62"
source = "registry+https://github.com/rust-lang/crates.io-index"
checksum = "68c16e1bfd491478ab155fd8b4896b86f9ede344949b641e61501e07c2b8b4d5"
dependencies = [
 "wasm-bindgen",
]

[[package]]
name = "lazy_static"
version = "1.4.0"
source = "registry+https://github.com/rust-lang/crates.io-index"
checksum = "e2abad23fbc42b3700f2f279844dc832adb2b2eb069b2df918f455c4e18cc646"

[[package]]
name = "lazycell"
version = "1.3.0"
source = "registry+https://github.com/rust-lang/crates.io-index"
checksum = "830d08ce1d1d941e6b30645f1a0eb5643013d835ce3779a5fc208261dbe10f55"

[[package]]
name = "libc"
version = "0.2.144"
source = "registry+https://github.com/rust-lang/crates.io-index"
checksum = "2b00cc1c228a6782d0f076e7b232802e0c5689d41bb5df366f2a6b6621cfdfe1"

[[package]]
name = "libloading"
version = "0.7.4"
source = "registry+https://github.com/rust-lang/crates.io-index"
checksum = "b67380fd3b2fbe7527a606e18729d21c6f3951633d0500574c4dc22d2d638b9f"
dependencies = [
 "cfg-if",
 "winapi",
]

[[package]]
name = "libm"
version = "0.2.6"
source = "registry+https://github.com/rust-lang/crates.io-index"
checksum = "348108ab3fba42ec82ff6e9564fc4ca0247bdccdc68dd8af9764bbc79c3c8ffb"

[[package]]
name = "lock_api"
version = "0.4.9"
source = "registry+https://github.com/rust-lang/crates.io-index"
checksum = "435011366fe56583b16cf956f9df0095b405b82d76425bc8981c0e22e60ec4df"
dependencies = [
 "autocfg",
 "scopeguard",
]

[[package]]
name = "log"
version = "0.4.17"
source = "registry+https://github.com/rust-lang/crates.io-index"
checksum = "abb12e687cfb44aa40f41fc3978ef76448f9b6038cad6aef4259d3c095a2382e"
dependencies = [
 "cfg-if",
]

[[package]]
name = "memchr"
version = "2.5.0"
source = "registry+https://github.com/rust-lang/crates.io-index"
checksum = "2dffe52ecf27772e601905b7522cb4ef790d2cc203488bbd0e2fe85fcb74566d"

[[package]]
name = "mezzaluna-type-registry"
version = "1.0.1"

[[package]]
name = "minimal-lexical"
version = "0.2.1"
source = "registry+https://github.com/rust-lang/crates.io-index"
checksum = "68354c5c6bd36d73ff3feceb05efa59b6acb7626617f4962be322a825e61f79a"

[[package]]
name = "miniz_oxide"
version = "0.6.2"
source = "registry+https://github.com/rust-lang/crates.io-index"
checksum = "b275950c28b37e794e8c55d88aeb5e139d0ce23fdbbeda68f8d7174abdf9e8fa"
dependencies = [
 "adler",
]

[[package]]
name = "mintex"
version = "0.1.2"
source = "registry+https://github.com/rust-lang/crates.io-index"
checksum = "fd7c5ba1c3b5a23418d7bbf98c71c3d4946a0125002129231da8d6b723d559cb"
dependencies = [
 "once_cell",
 "sys-info",
]

[[package]]
name = "nom"
version = "7.1.3"
source = "registry+https://github.com/rust-lang/crates.io-index"
checksum = "d273983c5a657a70a3e8f2a01329822f3b8c8172b73826411a55751e404a0a4a"
dependencies = [
 "memchr",
 "minimal-lexical",
]

[[package]]
name = "object"
version = "0.30.3"
source = "registry+https://github.com/rust-lang/crates.io-index"
checksum = "ea86265d3d3dcb6a27fc51bd29a4bf387fae9d2986b823079d4986af253eb439"
dependencies = [
 "memchr",
]

[[package]]
name = "once_cell"
version = "1.17.1"
source = "registry+https://github.com/rust-lang/crates.io-index"
checksum = "b7e5500299e16ebb147ae15a00a942af264cf3688f47923b8fc2cd5858f23ad3"

[[package]]
name = "onig"
version = "6.4.0"
source = "registry+https://github.com/rust-lang/crates.io-index"
checksum = "8c4b31c8722ad9171c6d77d3557db078cab2bd50afcc9d09c8b315c59df8ca4f"
dependencies = [
 "bitflags",
 "libc",
 "once_cell",
 "onig_sys",
]

[[package]]
name = "onig_sys"
version = "69.8.1"
source = "registry+https://github.com/rust-lang/crates.io-index"
checksum = "7b829e3d7e9cc74c7e315ee8edb185bf4190da5acde74afd7fc59c35b1f086e7"
dependencies = [
 "cc",
 "pkg-config",
]

[[package]]
name = "parking_lot"
version = "0.12.1"
source = "registry+https://github.com/rust-lang/crates.io-index"
checksum = "3742b2c103b9f06bc9fff0a37ff4912935851bee6d36f3c02bcc755bcfec228f"
dependencies = [
 "lock_api",
 "parking_lot_core",
]

[[package]]
name = "parking_lot_core"
version = "0.9.7"
source = "registry+https://github.com/rust-lang/crates.io-index"
checksum = "9069cbb9f99e3a5083476ccb29ceb1de18b9118cafa53e90c9551235de2b9521"
dependencies = [
 "cfg-if",
 "libc",
 "redox_syscall",
 "smallvec",
 "windows-sys",
]

[[package]]
name = "peeking_take_while"
version = "0.1.2"
source = "registry+https://github.com/rust-lang/crates.io-index"
checksum = "19b17cddbe7ec3f8bc800887bab5e717348c95ea2ca0b1bf0837fb964dc67099"

[[package]]
name = "pkg-config"
version = "0.3.27"
source = "registry+https://github.com/rust-lang/crates.io-index"
checksum = "26072860ba924cbfa98ea39c8c19b4dd6a4a25423dbdf219c1eca91aa0cf6964"

[[package]]
name = "posix-space"
version = "1.0.3"
source = "registry+https://github.com/rust-lang/crates.io-index"
checksum = "bd0ed6e8ca662f5dadd56c71dfcdf6d83619f4444c48ab630b83b48d4ebd939c"

[[package]]
name = "prettyplease"
version = "0.2.4"
source = "registry+https://github.com/rust-lang/crates.io-index"
checksum = "1ceca8aaf45b5c46ec7ed39fff75f57290368c1846d33d24a122ca81416ab058"
dependencies = [
 "proc-macro2",
 "syn 2.0.15",
]

[[package]]
name = "proc-macro2"
version = "1.0.56"
source = "registry+https://github.com/rust-lang/crates.io-index"
checksum = "2b63bdb0cd06f1f4dedf69b254734f9b45af66e4a031e42a7480257d9898b435"
dependencies = [
 "unicode-ident",
]

[[package]]
name = "qed"
version = "1.6.0"
source = "registry+https://github.com/rust-lang/crates.io-index"
checksum = "9fc1ded256da0b1aa6d2bf67fd20aa27d5eba84af7fd1fc357b2b26a2be8abc0"

[[package]]
name = "quote"
version = "1.0.27"
source = "registry+https://github.com/rust-lang/crates.io-index"
checksum = "8f4f29d145265ec1c483c7c654450edde0bfe043d3938d6972630663356d9500"
dependencies = [
 "proc-macro2",
]

[[package]]
name = "rand"
version = "0.8.5"
source = "registry+https://github.com/rust-lang/crates.io-index"
checksum = "34af8d1a0e25924bc5b7c43c079c942339d8f0a8b57c39049bef581b46327404"
dependencies = [
 "rand_core",
]

[[package]]
name = "rand_core"
version = "0.6.4"
source = "registry+https://github.com/rust-lang/crates.io-index"
checksum = "ec0be4795e2f6a28069bec0b5ff3e2ac9bafc99e6a9a7dc3547996c5c816922c"
dependencies = [
 "getrandom",
]

[[package]]
name = "rand_mt"
version = "4.2.1"
source = "registry+https://github.com/rust-lang/crates.io-index"
checksum = "77717f0c31ae3827865b59615cebc0e54374bd802bfe0ef067684a50bcfb10a9"

[[package]]
name = "raw-parts"
version = "1.1.2"
source = "registry+https://github.com/rust-lang/crates.io-index"
checksum = "b1e22ce49f28be0887a992cf42172c8c75facdb74e3e1a7eb0f459cf2fcc95d7"

[[package]]
name = "redox_syscall"
version = "0.2.16"
source = "registry+https://github.com/rust-lang/crates.io-index"
checksum = "fb5a58c1855b4b6819d59012155603f0b22ad30cad752600aadfcb695265519a"
dependencies = [
 "bitflags",
]

[[package]]
name = "regex"
version = "1.8.1"
source = "registry+https://github.com/rust-lang/crates.io-index"
checksum = "af83e617f331cc6ae2da5443c602dfa5af81e517212d9d611a5b3ba1777b5370"
dependencies = [
 "aho-corasick",
 "memchr",
 "regex-syntax",
]

[[package]]
name = "regex-syntax"
version = "0.7.1"
source = "registry+https://github.com/rust-lang/crates.io-index"
checksum = "a5996294f19bd3aae0453a862ad728f60e6600695733dd5df01da90c54363a3c"

[[package]]
name = "rust-embed"
version = "6.6.1"
source = "registry+https://github.com/rust-lang/crates.io-index"
checksum = "1b68543d5527e158213414a92832d2aab11a84d2571a5eb021ebe22c43aab066"
dependencies = [
 "rust-embed-impl",
 "rust-embed-utils",
 "walkdir",
]

[[package]]
name = "rust-embed-impl"
version = "6.5.0"
source = "registry+https://github.com/rust-lang/crates.io-index"
checksum = "4d4e0f0ced47ded9a68374ac145edd65a6c1fa13a96447b873660b2a568a0fd7"
dependencies = [
 "proc-macro2",
 "quote",
 "rust-embed-utils",
 "syn 1.0.109",
 "walkdir",
]

[[package]]
name = "rust-embed-utils"
version = "7.5.0"
source = "registry+https://github.com/rust-lang/crates.io-index"
checksum = "512b0ab6853f7e14e3c8754acb43d6f748bb9ced66aa5915a6553ac8213f7731"
dependencies = [
 "sha2",
 "walkdir",
]

[[package]]
name = "rustc-demangle"
version = "0.1.23"
source = "registry+https://github.com/rust-lang/crates.io-index"
checksum = "d626bb9dae77e28219937af045c257c28bfd3f69333c512553507f5f9798cb76"

[[package]]
name = "rustc-hash"
version = "1.1.0"
source = "registry+https://github.com/rust-lang/crates.io-index"
checksum = "08d43f7aa6b08d49f382cde6a7982047c3426db949b1424bc4b7ec9ae12c6ce2"

[[package]]
name = "ryu"
version = "1.0.13"
source = "registry+https://github.com/rust-lang/crates.io-index"
checksum = "f91339c0467de62360649f8d3e185ca8de4224ff281f66000de5eb2a77a79041"

[[package]]
name = "same-file"
version = "1.0.6"
source = "registry+https://github.com/rust-lang/crates.io-index"
checksum = "93fc1dc3aaa9bfed95e02e6eadabb4baf7e3078b0bd1b4d7b6b0b68378900502"
dependencies = [
 "winapi-util",
]

[[package]]
name = "scolapasta-aref"
version = "0.1.0"

[[package]]
name = "scolapasta-hex"
version = "0.2.0"

[[package]]
name = "scolapasta-int-parse"
version = "0.2.2"
dependencies = [
 "posix-space",
 "scolapasta-string-escape",
]

[[package]]
name = "scolapasta-path"
version = "0.5.0"

[[package]]
name = "scolapasta-string-escape"
version = "0.3.0"
dependencies = [
 "bstr",
]

[[package]]
name = "scopeguard"
version = "1.1.0"
source = "registry+https://github.com/rust-lang/crates.io-index"
checksum = "d29ab0c6d3fc0ee92fe66e2d99f700eab17a8d57d1c1d3b748380fb20baa78cd"

[[package]]
name = "serde"
version = "1.0.162"
source = "registry+https://github.com/rust-lang/crates.io-index"
checksum = "71b2f6e1ab5c2b98c05f0f35b236b22e8df7ead6ffbf51d7808da7f8817e7ab6"
dependencies = [
 "serde_derive",
]

[[package]]
name = "serde_derive"
version = "1.0.162"
source = "registry+https://github.com/rust-lang/crates.io-index"
checksum = "a2a0814352fd64b58489904a44ea8d90cb1a91dcb6b4f5ebabc32c8318e93cb6"
dependencies = [
 "proc-macro2",
 "quote",
 "syn 2.0.15",
]

[[package]]
name = "serde_json"
version = "1.0.96"
source = "registry+https://github.com/rust-lang/crates.io-index"
checksum = "057d394a50403bcac12672b2b18fb387ab6d289d957dab67dd201875391e52f1"
dependencies = [
 "itoa",
 "ryu",
 "serde",
]

[[package]]
name = "sha2"
version = "0.10.6"
source = "registry+https://github.com/rust-lang/crates.io-index"
checksum = "82e6b795fe2e3b1e845bafcb27aa35405c4d47cdfc92af5fc8d3002f76cebdc0"
dependencies = [
 "cfg-if",
 "cpufeatures",
 "digest",
]

[[package]]
name = "shlex"
version = "1.1.0"
source = "registry+https://github.com/rust-lang/crates.io-index"
checksum = "43b2853a4d09f215c24cc5489c992ce46052d359b5109343cbafbf26bc62f8a3"

[[package]]
name = "simdutf8"
version = "0.1.4"
source = "registry+https://github.com/rust-lang/crates.io-index"
checksum = "f27f6278552951f1f2b8cf9da965d10969b2efdea95a6ec47987ab46edfe263a"

[[package]]
name = "smallvec"
version = "1.10.0"
source = "registry+https://github.com/rust-lang/crates.io-index"
checksum = "a507befe795404456341dfab10cef66ead4c041f62b8b11bbb92bffe5d0953e0"

[[package]]
name = "spec-runner"
version = "0.7.0"
dependencies = [
 "artichoke",
 "basic-toml",
 "bstr",
 "clap",
 "dhat",
 "rust-embed",
 "serde",
 "termcolor",
]

[[package]]
name = "spinoso-array"
version = "0.9.0"
dependencies = [
 "raw-parts",
]

[[package]]
name = "spinoso-env"
version = "0.2.0"
dependencies = [
 "bstr",
 "scolapasta-path",
 "scolapasta-string-escape",
]

[[package]]
name = "spinoso-exception"
version = "0.1.0"
dependencies = [
 "scolapasta-string-escape",
]

[[package]]
name = "spinoso-math"
version = "0.3.0"
dependencies = [
 "libm",
]

[[package]]
name = "spinoso-random"
version = "0.3.0"
dependencies = [
 "getrandom",
 "libm",
 "rand",
 "rand_core",
 "rand_mt",
]

[[package]]
name = "spinoso-regexp"
version = "0.5.0"
dependencies = [
 "bitflags",
 "bstr",
 "onig",
 "posix-space",
 "regex",
 "scolapasta-aref",
 "scolapasta-string-escape",
]

[[package]]
name = "spinoso-securerandom"
version = "0.2.0"
dependencies = [
 "base64",
 "rand",
 "scolapasta-hex",
]

[[package]]
name = "spinoso-string"
version = "0.22.0"
dependencies = [
 "bstr",
 "bytecount",
 "focaccia",
 "raw-parts",
 "scolapasta-string-escape",
 "simdutf8",
]

[[package]]
name = "spinoso-symbol"
version = "0.3.0"
dependencies = [
 "artichoke-core",
 "bstr",
 "focaccia",
 "qed",
 "scolapasta-string-escape",
]

[[package]]
name = "spinoso-time"
version = "0.7.1"
dependencies = [
 "once_cell",
 "regex",
 "strftime-ruby",
 "tz-rs",
 "tzdb",
]

[[package]]
name = "strftime-ruby"
version = "1.0.0"
source = "registry+https://github.com/rust-lang/crates.io-index"
checksum = "6b02d24309580475dca1e01d10378f9a0d979aa95ee6c00bdbbf883f5315c905"

[[package]]
name = "strsim"
version = "0.10.0"
source = "registry+https://github.com/rust-lang/crates.io-index"
checksum = "73473c0e59e6d5812c5dfe2a064a6444949f089e20eec9a2e5506596494e4623"

[[package]]
name = "syn"
version = "1.0.109"
source = "registry+https://github.com/rust-lang/crates.io-index"
checksum = "72b64191b275b66ffe2469e8af2c1cfe3bafa67b529ead792a6d0160888b4237"
dependencies = [
 "proc-macro2",
 "quote",
 "unicode-ident",
]

[[package]]
name = "syn"
version = "2.0.15"
source = "registry+https://github.com/rust-lang/crates.io-index"
checksum = "a34fcf3e8b60f57e6a14301a2e916d323af98b0ea63c599441eec8558660c822"
dependencies = [
 "proc-macro2",
 "quote",
 "unicode-ident",
]

[[package]]
name = "sys-info"
version = "0.9.1"
source = "registry+https://github.com/rust-lang/crates.io-index"
checksum = "0b3a0d0aba8bf96a0e1ddfdc352fc53b3df7f39318c71854910c3c4b024ae52c"
dependencies = [
 "cc",
 "libc",
]

[[package]]
name = "termcolor"
version = "1.2.0"
source = "registry+https://github.com/rust-lang/crates.io-index"
checksum = "be55cf8942feac5c765c2c993422806843c9a9a45d4d5c407ad6dd2ea95eb9b6"
dependencies = [
 "winapi-util",
]

[[package]]
name = "thousands"
version = "0.2.0"
source = "registry+https://github.com/rust-lang/crates.io-index"
checksum = "3bf63baf9f5039dadc247375c29eb13706706cfde997d0330d05aa63a77d8820"

[[package]]
name = "typenum"
version = "1.16.0"
source = "registry+https://github.com/rust-lang/crates.io-index"
checksum = "497961ef93d974e23eb6f433eb5fe1b7930b659f06d12dec6fc44a8f554c0bba"

[[package]]
name = "tz-rs"
version = "0.6.14"
source = "registry+https://github.com/rust-lang/crates.io-index"
checksum = "33851b15c848fad2cf4b105c6bb66eb9512b6f6c44a4b13f57c53c73c707e2b4"
dependencies = [
 "const_fn",
]

[[package]]
name = "tzdb"
version = "0.5.6"
source = "registry+https://github.com/rust-lang/crates.io-index"
checksum = "c06bbefdf1c2f9bb910958da9e23a78ad1bd45bf1bae48095f0fc343e3798a2f"
dependencies = [
 "iana-time-zone",
 "tz-rs",
]

[[package]]
name = "unicode-ident"
version = "1.0.8"
source = "registry+https://github.com/rust-lang/crates.io-index"
checksum = "e5464a87b239f13a63a501f2701565754bae92d243d4bb7eb12f6d57d2269bf4"

[[package]]
name = "version_check"
version = "0.9.4"
source = "registry+https://github.com/rust-lang/crates.io-index"
checksum = "49874b5167b65d7193b8aba1567f5c7d93d001cafc34600cee003eda787e483f"

[[package]]
name = "walkdir"
version = "2.3.3"
source = "registry+https://github.com/rust-lang/crates.io-index"
checksum = "36df944cda56c7d8d8b7496af378e6b16de9284591917d307c9b4d313c44e698"
dependencies = [
 "same-file",
 "winapi-util",
]

[[package]]
name = "wasi"
version = "0.11.0+wasi-snapshot-preview1"
source = "registry+https://github.com/rust-lang/crates.io-index"
checksum = "9c8d87e72b64a3b4db28d11ce29237c246188f4f51057d65a7eab63b7987e423"

[[package]]
name = "wasm-bindgen"
version = "0.2.85"
source = "registry+https://github.com/rust-lang/crates.io-index"
checksum = "5b6cb788c4e39112fbe1822277ef6fb3c55cd86b95cb3d3c4c1c9597e4ac74b4"
dependencies = [
 "cfg-if",
 "wasm-bindgen-macro",
]

[[package]]
name = "wasm-bindgen-backend"
version = "0.2.85"
source = "registry+https://github.com/rust-lang/crates.io-index"
checksum = "35e522ed4105a9d626d885b35d62501b30d9666283a5c8be12c14a8bdafe7822"
dependencies = [
 "bumpalo",
 "log",
 "once_cell",
 "proc-macro2",
 "quote",
 "syn 2.0.15",
 "wasm-bindgen-shared",
]

[[package]]
name = "wasm-bindgen-macro"
version = "0.2.85"
source = "registry+https://github.com/rust-lang/crates.io-index"
checksum = "358a79a0cb89d21db8120cbfb91392335913e4890665b1a7981d9e956903b434"
dependencies = [
 "quote",
 "wasm-bindgen-macro-support",
]

[[package]]
name = "wasm-bindgen-macro-support"
version = "0.2.85"
source = "registry+https://github.com/rust-lang/crates.io-index"
checksum = "4783ce29f09b9d93134d41297aded3a712b7b979e9c6f28c32cb88c973a94869"
dependencies = [
 "proc-macro2",
 "quote",
 "syn 2.0.15",
 "wasm-bindgen-backend",
 "wasm-bindgen-shared",
]

[[package]]
name = "wasm-bindgen-shared"
version = "0.2.85"
source = "registry+https://github.com/rust-lang/crates.io-index"
checksum = "a901d592cafaa4d711bc324edfaff879ac700b19c3dfd60058d2b445be2691eb"

[[package]]
name = "winapi"
version = "0.3.9"
source = "registry+https://github.com/rust-lang/crates.io-index"
checksum = "5c839a674fcd7a98952e593242ea400abe93992746761e38641405d28b00f419"
dependencies = [
 "winapi-i686-pc-windows-gnu",
 "winapi-x86_64-pc-windows-gnu",
]

[[package]]
name = "winapi-i686-pc-windows-gnu"
version = "0.4.0"
source = "registry+https://github.com/rust-lang/crates.io-index"
checksum = "ac3b87c63620426dd9b991e5ce0329eff545bccbbb34f3be09ff6fb6ab51b7b6"

[[package]]
name = "winapi-util"
version = "0.1.5"
source = "registry+https://github.com/rust-lang/crates.io-index"
checksum = "70ec6ce85bb158151cae5e5c87f95a8e97d2c0c4b001223f33a334e3ce5de178"
dependencies = [
 "winapi",
]

[[package]]
name = "winapi-x86_64-pc-windows-gnu"
version = "0.4.0"
source = "registry+https://github.com/rust-lang/crates.io-index"
checksum = "712e227841d057c1ee1cd2fb22fa7e5a5461ae8e48fa2ca79ec42cfc1931183f"

[[package]]
name = "windows"
version = "0.48.0"
source = "registry+https://github.com/rust-lang/crates.io-index"
checksum = "e686886bc078bc1b0b600cac0147aadb815089b6e4da64016cbd754b6342700f"
dependencies = [
 "windows-targets 0.48.0",
]

[[package]]
name = "windows-sys"
version = "0.45.0"
source = "registry+https://github.com/rust-lang/crates.io-index"
checksum = "75283be5efb2831d37ea142365f009c02ec203cd29a3ebecbc093d52315b66d0"
dependencies = [
 "windows-targets 0.42.2",
]

[[package]]
name = "windows-targets"
version = "0.42.2"
source = "registry+https://github.com/rust-lang/crates.io-index"
checksum = "8e5180c00cd44c9b1c88adb3693291f1cd93605ded80c250a75d472756b4d071"
dependencies = [
 "windows_aarch64_gnullvm 0.42.2",
 "windows_aarch64_msvc 0.42.2",
 "windows_i686_gnu 0.42.2",
 "windows_i686_msvc 0.42.2",
 "windows_x86_64_gnu 0.42.2",
 "windows_x86_64_gnullvm 0.42.2",
 "windows_x86_64_msvc 0.42.2",
]

[[package]]
name = "windows-targets"
version = "0.48.0"
source = "registry+https://github.com/rust-lang/crates.io-index"
checksum = "7b1eb6f0cd7c80c79759c929114ef071b87354ce476d9d94271031c0497adfd5"
dependencies = [
 "windows_aarch64_gnullvm 0.48.0",
 "windows_aarch64_msvc 0.48.0",
 "windows_i686_gnu 0.48.0",
 "windows_i686_msvc 0.48.0",
 "windows_x86_64_gnu 0.48.0",
 "windows_x86_64_gnullvm 0.48.0",
 "windows_x86_64_msvc 0.48.0",
]

[[package]]
name = "windows_aarch64_gnullvm"
version = "0.42.2"
source = "registry+https://github.com/rust-lang/crates.io-index"
checksum = "597a5118570b68bc08d8d59125332c54f1ba9d9adeedeef5b99b02ba2b0698f8"

[[package]]
name = "windows_aarch64_gnullvm"
version = "0.48.0"
source = "registry+https://github.com/rust-lang/crates.io-index"
checksum = "91ae572e1b79dba883e0d315474df7305d12f569b400fcf90581b06062f7e1bc"

[[package]]
name = "windows_aarch64_msvc"
version = "0.42.2"
source = "registry+https://github.com/rust-lang/crates.io-index"
checksum = "e08e8864a60f06ef0d0ff4ba04124db8b0fb3be5776a5cd47641e942e58c4d43"

[[package]]
name = "windows_aarch64_msvc"
version = "0.48.0"
source = "registry+https://github.com/rust-lang/crates.io-index"
checksum = "b2ef27e0d7bdfcfc7b868b317c1d32c641a6fe4629c171b8928c7b08d98d7cf3"

[[package]]
name = "windows_i686_gnu"
version = "0.42.2"
source = "registry+https://github.com/rust-lang/crates.io-index"
checksum = "c61d927d8da41da96a81f029489353e68739737d3beca43145c8afec9a31a84f"

[[package]]
name = "windows_i686_gnu"
version = "0.48.0"
source = "registry+https://github.com/rust-lang/crates.io-index"
checksum = "622a1962a7db830d6fd0a69683c80a18fda201879f0f447f065a3b7467daa241"

[[package]]
name = "windows_i686_msvc"
version = "0.42.2"
source = "registry+https://github.com/rust-lang/crates.io-index"
checksum = "44d840b6ec649f480a41c8d80f9c65108b92d89345dd94027bfe06ac444d1060"

[[package]]
name = "windows_i686_msvc"
version = "0.48.0"
source = "registry+https://github.com/rust-lang/crates.io-index"
checksum = "4542c6e364ce21bf45d69fdd2a8e455fa38d316158cfd43b3ac1c5b1b19f8e00"

[[package]]
name = "windows_x86_64_gnu"
version = "0.42.2"
source = "registry+https://github.com/rust-lang/crates.io-index"
checksum = "8de912b8b8feb55c064867cf047dda097f92d51efad5b491dfb98f6bbb70cb36"

[[package]]
name = "windows_x86_64_gnu"
version = "0.48.0"
source = "registry+https://github.com/rust-lang/crates.io-index"
checksum = "ca2b8a661f7628cbd23440e50b05d705db3686f894fc9580820623656af974b1"

[[package]]
name = "windows_x86_64_gnullvm"
version = "0.42.2"
source = "registry+https://github.com/rust-lang/crates.io-index"
checksum = "26d41b46a36d453748aedef1486d5c7a85db22e56aff34643984ea85514e94a3"

[[package]]
name = "windows_x86_64_gnullvm"
version = "0.48.0"
source = "registry+https://github.com/rust-lang/crates.io-index"
checksum = "7896dbc1f41e08872e9d5e8f8baa8fdd2677f29468c4e156210174edc7f7b953"

[[package]]
name = "windows_x86_64_msvc"
version = "0.42.2"
source = "registry+https://github.com/rust-lang/crates.io-index"
checksum = "9aec5da331524158c6d1a4ac0ab1541149c0b9505fde06423b02f5ef0106b9f0"

[[package]]
name = "windows_x86_64_msvc"
version = "0.48.0"
source = "registry+https://github.com/rust-lang/crates.io-index"
checksum = "1a515f5799fe4961cb532f983ce2b23082366b898e52ffbce459c86f67c8378a"
